
Microsoft Visual Studio Solution File, Format Version 12.00
# Visual Studio 15
VisualStudioVersion = 15.0.26430.16
MinimumVisualStudioVersion = 10.0.40219.1
Project("{FAE04EC0-301F-11D3-BF4B-00C04F79EFBC}") = "Jeeves.Core", "Jeeves.Core\Jeeves.Core.csproj", "{8C13E1AE-879D-48A7-8C51-3FC30CEC89EC}"
EndProject
Project("{FAE04EC0-301F-11D3-BF4B-00C04F79EFBC}") = "Jeeves.Core.UnitTests", "Jeeves.Core.UnitTests\Jeeves.Core.UnitTests.csproj", "{EEE1F13A-9774-4863-B0F1-41ABCF98407D}"
EndProject
Project("{FAE04EC0-301F-11D3-BF4B-00C04F79EFBC}") = "Jeeves", "Jeeves\Jeeves.csproj", "{2CD5B1AC-E47B-43C5-AC56-93FF866AE501}"
EndProject
Global
	GlobalSection(SolutionConfigurationPlatforms) = preSolution
		Debug|Any CPU = Debug|Any CPU
		Debug|x86 = Debug|x86
		Release|Any CPU = Release|Any CPU
		Release|x86 = Release|x86
	EndGlobalSection
	GlobalSection(ProjectConfigurationPlatforms) = postSolution
		{8C13E1AE-879D-48A7-8C51-3FC30CEC89EC}.Debug|Any CPU.ActiveCfg = Debug|Any CPU
		{8C13E1AE-879D-48A7-8C51-3FC30CEC89EC}.Debug|Any CPU.Build.0 = Debug|Any CPU
		{8C13E1AE-879D-48A7-8C51-3FC30CEC89EC}.Debug|x86.ActiveCfg = Debug|Any CPU
		{8C13E1AE-879D-48A7-8C51-3FC30CEC89EC}.Debug|x86.Build.0 = Debug|Any CPU
		{8C13E1AE-879D-48A7-8C51-3FC30CEC89EC}.Release|Any CPU.ActiveCfg = Release|Any CPU
		{8C13E1AE-879D-48A7-8C51-3FC30CEC89EC}.Release|Any CPU.Build.0 = Release|Any CPU
		{8C13E1AE-879D-48A7-8C51-3FC30CEC89EC}.Release|x86.ActiveCfg = Release|Any CPU
		{8C13E1AE-879D-48A7-8C51-3FC30CEC89EC}.Release|x86.Build.0 = Release|Any CPU
		{EEE1F13A-9774-4863-B0F1-41ABCF98407D}.Debug|Any CPU.ActiveCfg = Debug|Any CPU
		{EEE1F13A-9774-4863-B0F1-41ABCF98407D}.Debug|Any CPU.Build.0 = Debug|Any CPU
		{EEE1F13A-9774-4863-B0F1-41ABCF98407D}.Debug|x86.ActiveCfg = Debug|Any CPU
		{EEE1F13A-9774-4863-B0F1-41ABCF98407D}.Debug|x86.Build.0 = Debug|Any CPU
		{EEE1F13A-9774-4863-B0F1-41ABCF98407D}.Release|Any CPU.ActiveCfg = Release|Any CPU
		{EEE1F13A-9774-4863-B0F1-41ABCF98407D}.Release|Any CPU.Build.0 = Release|Any CPU
		{EEE1F13A-9774-4863-B0F1-41ABCF98407D}.Release|x86.ActiveCfg = Release|Any CPU
		{EEE1F13A-9774-4863-B0F1-41ABCF98407D}.Release|x86.Build.0 = Release|Any CPU
		{2CD5B1AC-E47B-43C5-AC56-93FF866AE501}.Debug|Any CPU.ActiveCfg = Debug|Any CPU
		{2CD5B1AC-E47B-43C5-AC56-93FF866AE501}.Debug|Any CPU.Build.0 = Debug|Any CPU
		{2CD5B1AC-E47B-43C5-AC56-93FF866AE501}.Debug|x86.ActiveCfg = Debug|Any CPU
		{2CD5B1AC-E47B-43C5-AC56-93FF866AE501}.Debug|x86.Build.0 = Debug|Any CPU
		{2CD5B1AC-E47B-43C5-AC56-93FF866AE501}.Release|Any CPU.ActiveCfg = Release|Any CPU
		{2CD5B1AC-E47B-43C5-AC56-93FF866AE501}.Release|Any CPU.Build.0 = Release|Any CPU
		{2CD5B1AC-E47B-43C5-AC56-93FF866AE501}.Release|x86.ActiveCfg = Release|Any CPU
		{2CD5B1AC-E47B-43C5-AC56-93FF866AE501}.Release|x86.Build.0 = Release|Any CPU
	EndGlobalSection
	GlobalSection(SolutionProperties) = preSolution
		HideSolutionNode = FALSE
	EndGlobalSection
EndGlobal
